PODS:
  - Magnet (0.0.1)

DEPENDENCIES:
  - Magnet (from `https://github.com/Clipy/Magnet.git`)

EXTERNAL SOURCES:
  Magnet:
    :git: https://github.com/Clipy/Magnet.git

CHECKOUT OPTIONS:
  Magnet:
    :commit: 1c83f22b8ebab87231cff8a2f6e20f0d9fb751a0
    :git: https://github.com/Clipy/Magnet.git

SPEC CHECKSUMS:
  Magnet: 711c026672ffe518e611399cce128d602c8fd0a0

PODFILE CHECKSUM: 2995db0df68f01e675f6904cd35a374fa68373a9

COCOAPODS: 1.0.1
